
Microsoft Visual Studio Solution File, Format Version 11.00
# Visual Studio 2010
# SharpDevelop 4.4
Project("{FAE04EC0-301F-11D3-BF4B-00C04F79EFBC}") = "tapetes", "tapetes\tapetes.csproj", "{FCF9A852-5AB5-4A86-A89C-FAE91BC495BC}"
EndProject
Global
	GlobalSection(SolutionConfigurationPlatforms) = preSolution
		Debug|Any CPU = Debug|Any CPU
		Release|Any CPU = Release|Any CPU
	EndGlobalSection
	GlobalSection(ProjectConfigurationPlatforms) = postSolution
		{FCF9A852-5AB5-4A86-A89C-FAE91BC495BC}.Debug|Any CPU.Build.0 = Debug|Any CPU
		{FCF9A852-5AB5-4A86-A89C-FAE91BC495BC}.Debug|Any CPU.ActiveCfg = Debug|Any CPU
		{FCF9A852-5AB5-4A86-A89C-FAE91BC495BC}.Release|Any CPU.Build.0 = Release|Any CPU
		{FCF9A852-5AB5-4A86-A89C-FAE91BC495BC}.Release|Any CPU.ActiveCfg = Release|Any CPU
	EndGlobalSection
EndGlobal
